// !$*UTF8*$!
{
	archiveVersion = 1;
	classes = {
	};
	objectVersion = 56;
	objects = {

/* Begin PBXBuildFile section */
		70C24CE32C0434D50051FD55 /* AppDelegate.swift in Sources */ = {isa = PBXBuildFile; fileRef = 70C24CE22C0434D50051FD55 /* AppDelegate.swift */; };
		70C24CE52C0434D50051FD55 /* SceneDelegate.swift in Sources */ = {isa = PBXBuildFile; fileRef = 70C24CE42C0434D50051FD55 /* SceneDelegate.swift */; };
		70C24CE72C0434D50051FD55 /* ViewController.swift in Sources */ = {isa = PBXBuildFile; fileRef = 70C24CE62C0434D50051FD55 /* ViewController.swift */; };
		70C24CEA2C0434D50051FD55 /* Main.storyboard in Resources */ = {isa = PBXBuildFile; fileRef = 70C24CE82C0434D50051FD55 /* Main.storyboard */; };
		70C24CEC2C0434D70051FD55 /* Assets.xcassets in Resources */ = {isa = PBXBuildFile; fileRef = 70C24CEB2C0434D70051FD55 /* Assets.xcassets */; };
		70C24CEF2C0434D70051FD55 /* LaunchScreen.storyboard in Resources */ = {isa = PBXBuildFile; fileRef = 70C24CED2C0434D70051FD55 /* LaunchScreen.storyboard */; };
		70C24DC22C3CFE2E0051FD55 /* AppDependencyContainer.swift in Sources */ = {isa = PBXBuildFile; fileRef = 70C24DC12C3CFE2E0051FD55 /* AppDependencyContainer.swift */; };
		70C24DC42C3D16E10051FD55 /* AppCoordinator.swift in Sources */ = {isa = PBXBuildFile; fileRef = 70C24DC32C3D16E10051FD55 /* AppCoordinator.swift */; };
		70C24DDE2C3D1CF00051FD55 /* User.swift in Sources */ = {isa = PBXBuildFile; fileRef = 70C24DDD2C3D1CF00051FD55 /* User.swift */; };
		70C24DE22C3E37ED0051FD55 /* FetchFollowersUseCase.swift in Sources */ = {isa = PBXBuildFile; fileRef = 70C24DE12C3E37ED0051FD55 /* FetchFollowersUseCase.swift */; };
		70C24DE52C3E39C80051FD55 /* FetchUserDetailUseCase.swift in Sources */ = {isa = PBXBuildFile; fileRef = 70C24DE42C3E39C80051FD55 /* FetchUserDetailUseCase.swift */; };
		70C24DE72C3E3BAA0051FD55 /* FetchImageUseCase.swift in Sources */ = {isa = PBXBuildFile; fileRef = 70C24DE62C3E3BAA0051FD55 /* FetchImageUseCase.swift */; };
		70C24DE92C3E3C2F0051FD55 /* GitHubRepositoryInterface.swift in Sources */ = {isa = PBXBuildFile; fileRef = 70C24DE82C3E3C2F0051FD55 /* GitHubRepositoryInterface.swift */; };
		70C24DEB2C3E3D2C0051FD55 /* FetchFollowersUseCaseImpl.swift in Sources */ = {isa = PBXBuildFile; fileRef = 70C24DEA2C3E3D2C0051FD55 /* FetchFollowersUseCaseImpl.swift */; };
		70C24DED2C3E43BC0051FD55 /* FetchUserDetailUseCaseImpl.swift in Sources */ = {isa = PBXBuildFile; fileRef = 70C24DEC2C3E43BC0051FD55 /* FetchUserDetailUseCaseImpl.swift */; };
		70C24DEF2C3E44040051FD55 /* FetchImageUseCaseImpl.swift in Sources */ = {isa = PBXBuildFile; fileRef = 70C24DEE2C3E44040051FD55 /* FetchImageUseCaseImpl.swift */; };
		70C24DF12C3E44CE0051FD55 /* UserDTO.swift in Sources */ = {isa = PBXBuildFile; fileRef = 70C24DF02C3E44CE0051FD55 /* UserDTO.swift */; };
		70C24DF32C3E468D0051FD55 /* GithubRepository.swift in Sources */ = {isa = PBXBuildFile; fileRef = 70C24DF22C3E468D0051FD55 /* GithubRepository.swift */; };
		70C24DF52C3E628E0051FD55 /* NetworkService.swift in Sources */ = {isa = PBXBuildFile; fileRef = 70C24DF42C3E628E0051FD55 /* NetworkService.swift */; };
		70C24DF72C3E7B9A0051FD55 /* FavoritesRepositoryInterface.swift in Sources */ = {isa = PBXBuildFile; fileRef = 70C24DF62C3E7B9A0051FD55 /* FavoritesRepositoryInterface.swift */; };
		70C24DF92C3E7C130051FD55 /* SaveFavoritesUseCase.swift in Sources */ = {isa = PBXBuildFile; fileRef = 70C24DF82C3E7C130051FD55 /* SaveFavoritesUseCase.swift */; };
		70C24DFB2C3E7D080051FD55 /* RemoveFavoriteUseCase.swift in Sources */ = {isa = PBXBuildFile; fileRef = 70C24DFA2C3E7D080051FD55 /* RemoveFavoriteUseCase.swift */; };
		70C24DFD2C3E7D200051FD55 /* FetchFavoritesUseCase.swift in Sources */ = {isa = PBXBuildFile; fileRef = 70C24DFC2C3E7D200051FD55 /* FetchFavoritesUseCase.swift */; };
		70C24DFF2C3E7DBD0051FD55 /* SaveFavoriteUseCaseImpl.swift in Sources */ = {isa = PBXBuildFile; fileRef = 70C24DFE2C3E7DBD0051FD55 /* SaveFavoriteUseCaseImpl.swift */; };
		70C24E012C3E7DC90051FD55 /* RemoveFavoriteUseCaseImpl.swift in Sources */ = {isa = PBXBuildFile; fileRef = 70C24E002C3E7DC90051FD55 /* RemoveFavoriteUseCaseImpl.swift */; };
		70C24E032C3E7DD90051FD55 /* FetchFavoritesUseCaseImpl.swift in Sources */ = {isa = PBXBuildFile; fileRef = 70C24E022C3E7DD90051FD55 /* FetchFavoritesUseCaseImpl.swift */; };
		70C24E052C3F86850051FD55 /* FavoritesLocalDataSource.swift in Sources */ = {isa = PBXBuildFile; fileRef = 70C24E042C3F86850051FD55 /* FavoritesLocalDataSource.swift */; };
		70C24E072C3F8E660051FD55 /* FavoritesRepository.swift in Sources */ = {isa = PBXBuildFile; fileRef = 70C24E062C3F8E660051FD55 /* FavoritesRepository.swift */; };
/* End PBXBuildFile section */

/* Begin PBXFileReference section */
		70C24CDF2C0434D50051FD55 /* GHFollowers_UIKit.app */ = {isa = PBXFileReference; explicitFileType = wrapper.application; includeInIndex = 0; path = GHFollowers_UIKit.app; sourceTree = BUILT_PRODUCTS_DIR; };
		70C24CE22C0434D50051FD55 /* AppDelegate.swift */ = {isa = PBXFileReference; lastKnownFileType = sourcecode.swift; path = AppDelegate.swift; sourceTree = "<group>"; };
		70C24CE42C0434D50051FD55 /* SceneDelegate.swift */ = {isa = PBXFileReference; lastKnownFileType = sourcecode.swift; path = SceneDelegate.swift; sourceTree = "<group>"; };
		70C24CE62C0434D50051FD55 /* ViewController.swift */ = {isa = PBXFileReference; lastKnownFileType = sourcecode.swift; path = ViewController.swift; sourceTree = "<group>"; };
		70C24CE92C0434D50051FD55 /* Base */ = {isa = PBXFileReference; lastKnownFileType = file.storyboard; name = Base; path = Base.lproj/Main.storyboard; sourceTree = "<group>"; };
		70C24CEB2C0434D70051FD55 /* Assets.xcassets */ = {isa = PBXFileReference; lastKnownFileType = folder.assetcatalog; path = Assets.xcassets; sourceTree = "<group>"; };
		70C24CEE2C0434D70051FD55 /* Base */ = {isa = PBXFileReference; lastKnownFileType = file.storyboard; name = Base; path = Base.lproj/LaunchScreen.storyboard; sourceTree = "<group>"; };
		70C24CF02C0434D70051FD55 /* Info.plist */ = {isa = PBXFileReference; lastKnownFileType = text.plist.xml; path = Info.plist; sourceTree = "<group>"; };
		70C24DC12C3CFE2E0051FD55 /* AppDependencyContainer.swift */ = {isa = PBXFileReference; lastKnownFileType = sourcecode.swift; path = AppDependencyContainer.swift; sourceTree = "<group>"; };
		70C24DC32C3D16E10051FD55 /* AppCoordinator.swift */ = {isa = PBXFileReference; lastKnownFileType = sourcecode.swift; path = AppCoordinator.swift; sourceTree = "<group>"; };
		70C24DDD2C3D1CF00051FD55 /* User.swift */ = {isa = PBXFileReference; lastKnownFileType = sourcecode.swift; path = User.swift; sourceTree = "<group>"; };
		70C24DE12C3E37ED0051FD55 /* FetchFollowersUseCase.swift */ = {isa = PBXFileReference; lastKnownFileType = sourcecode.swift; path = FetchFollowersUseCase.swift; sourceTree = "<group>"; };
		70C24DE42C3E39C80051FD55 /* FetchUserDetailUseCase.swift */ = {isa = PBXFileReference; lastKnownFileType = sourcecode.swift; path = FetchUserDetailUseCase.swift; sourceTree = "<group>"; };
		70C24DE62C3E3BAA0051FD55 /* FetchImageUseCase.swift */ = {isa = PBXFileReference; lastKnownFileType = sourcecode.swift; path = FetchImageUseCase.swift; sourceTree = "<group>"; };
		70C24DE82C3E3C2F0051FD55 /* GitHubRepositoryInterface.swift */ = {isa = PBXFileReference; lastKnownFileType = sourcecode.swift; path = GitHubRepositoryInterface.swift; sourceTree = "<group>"; };
		70C24DEA2C3E3D2C0051FD55 /* FetchFollowersUseCaseImpl.swift */ = {isa = PBXFileReference; lastKnownFileType = sourcecode.swift; path = FetchFollowersUseCaseImpl.swift; sourceTree = "<group>"; };
		70C24DEC2C3E43BC0051FD55 /* FetchUserDetailUseCaseImpl.swift */ = {isa = PBXFileReference; lastKnownFileType = sourcecode.swift; path = FetchUserDetailUseCaseImpl.swift; sourceTree = "<group>"; };
		70C24DEE2C3E44040051FD55 /* FetchImageUseCaseImpl.swift */ = {isa = PBXFileReference; lastKnownFileType = sourcecode.swift; path = FetchImageUseCaseImpl.swift; sourceTree = "<group>"; };
		70C24DF02C3E44CE0051FD55 /* UserDTO.swift */ = {isa = PBXFileReference; lastKnownFileType = sourcecode.swift; path = UserDTO.swift; sourceTree = "<group>"; };
		70C24DF22C3E468D0051FD55 /* GithubRepository.swift */ = {isa = PBXFileReference; lastKnownFileType = sourcecode.swift; path = GithubRepository.swift; sourceTree = "<group>"; };
		70C24DF42C3E628E0051FD55 /* NetworkService.swift */ = {isa = PBXFileReference; lastKnownFileType = sourcecode.swift; path = NetworkService.swift; sourceTree = "<group>"; };
		70C24DF62C3E7B9A0051FD55 /* FavoritesRepositoryInterface.swift */ = {isa = PBXFileReference; lastKnownFileType = sourcecode.swift; path = FavoritesRepositoryInterface.swift; sourceTree = "<group>"; };
		70C24DF82C3E7C130051FD55 /* SaveFavoritesUseCase.swift */ = {isa = PBXFileReference; lastKnownFileType = sourcecode.swift; path = SaveFavoritesUseCase.swift; sourceTree = "<group>"; };
		70C24DFA2C3E7D080051FD55 /* RemoveFavoriteUseCase.swift */ = {isa = PBXFileReference; lastKnownFileType = sourcecode.swift; path = RemoveFavoriteUseCase.swift; sourceTree = "<group>"; };
		70C24DFC2C3E7D200051FD55 /* FetchFavoritesUseCase.swift */ = {isa = PBXFileReference; lastKnownFileType = sourcecode.swift; path = FetchFavoritesUseCase.swift; sourceTree = "<group>"; };
		70C24DFE2C3E7DBD0051FD55 /* SaveFavoriteUseCaseImpl.swift */ = {isa = PBXFileReference; lastKnownFileType = sourcecode.swift; path = SaveFavoriteUseCaseImpl.swift; sourceTree = "<group>"; };
		70C24E002C3E7DC90051FD55 /* RemoveFavoriteUseCaseImpl.swift */ = {isa = PBXFileReference; lastKnownFileType = sourcecode.swift; path = RemoveFavoriteUseCaseImpl.swift; sourceTree = "<group>"; };
		70C24E022C3E7DD90051FD55 /* FetchFavoritesUseCaseImpl.swift */ = {isa = PBXFileReference; lastKnownFileType = sourcecode.swift; path = FetchFavoritesUseCaseImpl.swift; sourceTree = "<group>"; };
		70C24E042C3F86850051FD55 /* FavoritesLocalDataSource.swift */ = {isa = PBXFileReference; lastKnownFileType = sourcecode.swift; path = FavoritesLocalDataSource.swift; sourceTree = "<group>"; };
		70C24E062C3F8E660051FD55 /* FavoritesRepository.swift */ = {isa = PBXFileReference; lastKnownFileType = sourcecode.swift; path = FavoritesRepository.swift; sourceTree = "<group>"; };
/* End PBXFileReference section */

/* Begin PBXFrameworksBuildPhase section */
		70C24CDC2C0434D50051FD55 /* Frameworks */ = {
			isa = PBXFrameworksBuildPhase;
			buildActionMask = 2147483647;
			files = (
			);
			runOnlyForDeploymentPostprocessing = 0;
		};
/* End PBXFrameworksBuildPhase section */

/* Begin PBXGroup section */
		70C24CD62C0434D50051FD55 = {
			isa = PBXGroup;
			children = (
				70C24CE12C0434D50051FD55 /* GHFollowers_UIKit */,
				70C24CE02C0434D50051FD55 /* Products */,
			);
			sourceTree = "<group>";
		};
		70C24CE02C0434D50051FD55 /* Products */ = {
			isa = PBXGroup;
			children = (
				70C24CDF2C0434D50051FD55 /* GHFollowers_UIKit.app */,
			);
			name = Products;
			sourceTree = "<group>";
		};
		70C24CE12C0434D50051FD55 /* GHFollowers_UIKit */ = {
			isa = PBXGroup;
			children = (
				70C24DC02C3CFE0E0051FD55 /* Application */,
				70C24DD72C3D1B820051FD55 /* Core */,
				70C24DD32C3D1B480051FD55 /* Data */,
				70C24DCE2C3D1B0D0051FD55 /* Domain */,
				70C24DC52C3D16F00051FD55 /* Presentation */,
				70C24CEB2C0434D70051FD55 /* Assets.xcassets */,
				70C24CED2C0434D70051FD55 /* LaunchScreen.storyboard */,
				70C24CF02C0434D70051FD55 /* Info.plist */,
			);
			path = GHFollowers_UIKit;
			sourceTree = "<group>";
		};
		70C24DC02C3CFE0E0051FD55 /* Application */ = {
			isa = PBXGroup;
			children = (
				70C24CE22C0434D50051FD55 /* AppDelegate.swift */,
				70C24CE42C0434D50051FD55 /* SceneDelegate.swift */,
				70C24DC12C3CFE2E0051FD55 /* AppDependencyContainer.swift */,
				70C24DC32C3D16E10051FD55 /* AppCoordinator.swift */,
			);
			path = Application;
			sourceTree = "<group>";
		};
		70C24DC52C3D16F00051FD55 /* Presentation */ = {
			isa = PBXGroup;
			children = (
				70C24DC72C3D17070051FD55 /* Common */,
				70C24DC62C3D16FD0051FD55 /* Scenes */,
			);
			path = Presentation;
			sourceTree = "<group>";
		};
		70C24DC62C3D16FD0051FD55 /* Scenes */ = {
			isa = PBXGroup;
			children = (
				70C24DCB2C3D17690051FD55 /* UserInfoScene */,
				70C24DCA2C3D175E0051FD55 /* FavoriteScene */,
				70C24DC92C3D174C0051FD55 /* FollowersScene */,
				70C24DC82C3D172D0051FD55 /* SearchScene */,
			);
			path = Scenes;
			sourceTree = "<group>";
		};
		70C24DC72C3D17070051FD55 /* Common */ = {
			isa = PBXGroup;
			children = (
				70C24DCD2C3D17900051FD55 /* Extensions */,
				70C24DCC2C3D17800051FD55 /* Views */,
			);
			path = Common;
			sourceTree = "<group>";
		};
		70C24DC82C3D172D0051FD55 /* SearchScene */ = {
			isa = PBXGroup;
			children = (
				70C24CE82C0434D50051FD55 /* Main.storyboard */,
				70C24CE62C0434D50051FD55 /* ViewController.swift */,
			);
			path = SearchScene;
			sourceTree = "<group>";
		};
		70C24DC92C3D174C0051FD55 /* FollowersScene */ = {
			isa = PBXGroup;
			children = (
			);
			path = FollowersScene;
			sourceTree = "<group>";
		};
		70C24DCA2C3D175E0051FD55 /* FavoriteScene */ = {
			isa = PBXGroup;
			children = (
			);
			path = FavoriteScene;
			sourceTree = "<group>";
		};
		70C24DCB2C3D17690051FD55 /* UserInfoScene */ = {
			isa = PBXGroup;
			children = (
			);
			path = UserInfoScene;
			sourceTree = "<group>";
		};
		70C24DCC2C3D17800051FD55 /* Views */ = {
			isa = PBXGroup;
			children = (
			);
			path = Views;
			sourceTree = "<group>";
		};
		70C24DCD2C3D17900051FD55 /* Extensions */ = {
			isa = PBXGroup;
			children = (
			);
			path = Extensions;
			sourceTree = "<group>";
		};
		70C24DCE2C3D1B0D0051FD55 /* Domain */ = {
			isa = PBXGroup;
			children = (
				70C24DCF2C3D1B150051FD55 /* Entities */,
				70C24DD12C3D1B2B0051FD55 /* Interfaces */,
				70C24DD02C3D1B200051FD55 /* UseCases */,
			);
			path = Domain;
			sourceTree = "<group>";
		};
		70C24DCF2C3D1B150051FD55 /* Entities */ = {
			isa = PBXGroup;
			children = (
				70C24DDD2C3D1CF00051FD55 /* User.swift */,
			);
			path = Entities;
			sourceTree = "<group>";
		};
		70C24DD02C3D1B200051FD55 /* UseCases */ = {
			isa = PBXGroup;
			children = (
				70C24DEA2C3E3D2C0051FD55 /* FetchFollowersUseCaseImpl.swift */,
				70C24DEC2C3E43BC0051FD55 /* FetchUserDetailUseCaseImpl.swift */,
				70C24DEE2C3E44040051FD55 /* FetchImageUseCaseImpl.swift */,
				70C24DFE2C3E7DBD0051FD55 /* SaveFavoriteUseCaseImpl.swift */,
				70C24E002C3E7DC90051FD55 /* RemoveFavoriteUseCaseImpl.swift */,
				70C24E022C3E7DD90051FD55 /* FetchFavoritesUseCaseImpl.swift */,
			);
			path = UseCases;
			sourceTree = "<group>";
		};
		70C24DD12C3D1B2B0051FD55 /* Interfaces */ = {
			isa = PBXGroup;
			children = (
				70C24DE32C3E398B0051FD55 /* UseCases */,
				70C24DD22C3D1B330051FD55 /* Repositories */,
			);
			path = Interfaces;
			sourceTree = "<group>";
		};
		70C24DD22C3D1B330051FD55 /* Repositories */ = {
			isa = PBXGroup;
			children = (
				70C24DE82C3E3C2F0051FD55 /* GitHubRepositoryInterface.swift */,
				70C24DF62C3E7B9A0051FD55 /* FavoritesRepositoryInterface.swift */,
			);
			path = Repositories;
			sourceTree = "<group>";
		};
		70C24DD32C3D1B480051FD55 /* Data */ = {
			isa = PBXGroup;
			children = (
				70C24DD62C3D1B740051FD55 /* Models */,
				70C24DD52C3D1B660051FD55 /* DataSources */,
				70C24DD42C3D1B570051FD55 /* Repositories */,
			);
			path = Data;
			sourceTree = "<group>";
		};
		70C24DD42C3D1B570051FD55 /* Repositories */ = {
			isa = PBXGroup;
			children = (
				70C24DF22C3E468D0051FD55 /* GithubRepository.swift */,
				70C24E062C3F8E660051FD55 /* FavoritesRepository.swift */,
			);
			path = Repositories;
			sourceTree = "<group>";
		};
		70C24DD52C3D1B660051FD55 /* DataSources */ = {
			isa = PBXGroup;
			children = (
				70C24DDC2C3D1C760051FD55 /* Local */,
				70C24DDB2C3D1C6A0051FD55 /* Remote */,
			);
			path = DataSources;
			sourceTree = "<group>";
		};
		70C24DD62C3D1B740051FD55 /* Models */ = {
			isa = PBXGroup;
			children = (
				70C24DF02C3E44CE0051FD55 /* UserDTO.swift */,
			);
			path = Models;
			sourceTree = "<group>";
		};
		70C24DD72C3D1B820051FD55 /* Core */ = {
			isa = PBXGroup;
			children = (
				70C24DDA2C3D1BA00051FD55 /* Protocols */,
				70C24DD92C3D1B970051FD55 /* Utils */,
				70C24DD82C3D1B8E0051FD55 /* Constants */,
			);
			path = Core;
			sourceTree = "<group>";
		};
		70C24DD82C3D1B8E0051FD55 /* Constants */ = {
			isa = PBXGroup;
			children = (
			);
			path = Constants;
			sourceTree = "<group>";
		};
		70C24DD92C3D1B970051FD55 /* Utils */ = {
			isa = PBXGroup;
			children = (
			);
			path = Utils;
			sourceTree = "<group>";
		};
		70C24DDA2C3D1BA00051FD55 /* Protocols */ = {
			isa = PBXGroup;
			children = (
			);
			path = Protocols;
			sourceTree = "<group>";
		};
		70C24DDB2C3D1C6A0051FD55 /* Remote */ = {
			isa = PBXGroup;
			children = (
				70C24DF42C3E628E0051FD55 /* NetworkService.swift */,
			);
			path = Remote;
			sourceTree = "<group>";
		};
		70C24DDC2C3D1C760051FD55 /* Local */ = {
			isa = PBXGroup;
			children = (
				70C24E042C3F86850051FD55 /* FavoritesLocalDataSource.swift */,
			);
			path = Local;
			sourceTree = "<group>";
		};
		70C24DE32C3E398B0051FD55 /* UseCases */ = {
			isa = PBXGroup;
			children = (
				70C24DE12C3E37ED0051FD55 /* FetchFollowersUseCase.swift */,
				70C24DE42C3E39C80051FD55 /* FetchUserDetailUseCase.swift */,
				70C24DE62C3E3BAA0051FD55 /* FetchImageUseCase.swift */,
				70C24DF82C3E7C130051FD55 /* SaveFavoritesUseCase.swift */,
				70C24DFA2C3E7D080051FD55 /* RemoveFavoriteUseCase.swift */,
				70C24DFC2C3E7D200051FD55 /* FetchFavoritesUseCase.swift */,
			);
			path = UseCases;
			sourceTree = "<group>";
		};
/* End PBXGroup section */

/* Begin PBXNativeTarget section */
		70C24CDE2C0434D50051FD55 /* GHFollowers_UIKit */ = {
			isa = PBXNativeTarget;
			buildConfigurationList = 70C24CF32C0434D70051FD55 /* Build configuration list for PBXNativeTarget "GHFollowers_UIKit" */;
			buildPhases = (
				70C24CDB2C0434D50051FD55 /* Sources */,
				70C24CDC2C0434D50051FD55 /* Frameworks */,
				70C24CDD2C0434D50051FD55 /* Resources */,
			);
			buildRules = (
			);
			dependencies = (
			);
			name = GHFollowers_UIKit;
			productName = GHFollowers_UIKit;
			productReference = 70C24CDF2C0434D50051FD55 /* GHFollowers_UIKit.app */;
			productType = "com.apple.product-type.application";
		};
/* End PBXNativeTarget section */

/* Begin PBXProject section */
		70C24CD72C0434D50051FD55 /* Project object */ = {
			isa = PBXProject;
			attributes = {
				BuildIndependentTargetsInParallel = 1;
				LastSwiftUpdateCheck = 1520;
				LastUpgradeCheck = 1520;
				TargetAttributes = {
					70C24CDE2C0434D50051FD55 = {
						CreatedOnToolsVersion = 15.2;
					};
				};
			};
			buildConfigurationList = 70C24CDA2C0434D50051FD55 /* Build configuration list for PBXProject "GHFollowers_UIKit" */;
			compatibilityVersion = "Xcode 14.0";
			developmentRegion = en;
			hasScannedForEncodings = 0;
			knownRegions = (
				en,
				Base,
			);
			mainGroup = 70C24CD62C0434D50051FD55;
			productRefGroup = 70C24CE02C0434D50051FD55 /* Products */;
			projectDirPath = "";
			projectRoot = "";
			targets = (
				70C24CDE2C0434D50051FD55 /* GHFollowers_UIKit */,
			);
		};
/* End PBXProject section */

/* Begin PBXResourcesBuildPhase section */
		70C24CDD2C0434D50051FD55 /* Resources */ = {
			isa = PBXResourcesBuildPhase;
			buildActionMask = 2147483647;
			files = (
				70C24CEF2C0434D70051FD55 /* LaunchScreen.storyboard in Resources */,
				70C24CEC2C0434D70051FD55 /* Assets.xcassets in Resources */,
				70C24CEA2C0434D50051FD55 /* Main.storyboard in Resources */,
			);
			runOnlyForDeploymentPostprocessing = 0;
		};
/* End PBXResourcesBuildPhase section */

/* Begin PBXSourcesBuildPhase section */
		70C24CDB2C0434D50051FD55 /* Sources */ = {
			isa = PBXSourcesBuildPhase;
			buildActionMask = 2147483647;
			files = (
				70C24DE92C3E3C2F0051FD55 /* GitHubRepositoryInterface.swift in Sources */,
				70C24E012C3E7DC90051FD55 /* RemoveFavoriteUseCaseImpl.swift in Sources */,
				70C24E052C3F86850051FD55 /* FavoritesLocalDataSource.swift in Sources */,
				70C24DFF2C3E7DBD0051FD55 /* SaveFavoriteUseCaseImpl.swift in Sources */,
				70C24CE72C0434D50051FD55 /* ViewController.swift in Sources */,
				70C24DF92C3E7C130051FD55 /* SaveFavoritesUseCase.swift in Sources */,
				70C24CE32C0434D50051FD55 /* AppDelegate.swift in Sources */,
				70C24DFD2C3E7D200051FD55 /* FetchFavoritesUseCase.swift in Sources */,
				70C24DDE2C3D1CF00051FD55 /* User.swift in Sources */,
				70C24DE72C3E3BAA0051FD55 /* FetchImageUseCase.swift in Sources */,
				70C24E032C3E7DD90051FD55 /* FetchFavoritesUseCaseImpl.swift in Sources */,
				70C24DC42C3D16E10051FD55 /* AppCoordinator.swift in Sources */,
				70C24DF32C3E468D0051FD55 /* GithubRepository.swift in Sources */,
				70C24DC22C3CFE2E0051FD55 /* AppDependencyContainer.swift in Sources */,
				70C24DEF2C3E44040051FD55 /* FetchImageUseCaseImpl.swift in Sources */,
				70C24DFB2C3E7D080051FD55 /* RemoveFavoriteUseCase.swift in Sources */,
				70C24DEB2C3E3D2C0051FD55 /* FetchFollowersUseCaseImpl.swift in Sources */,
				70C24DF52C3E628E0051FD55 /* NetworkService.swift in Sources */,
				70C24DED2C3E43BC0051FD55 /* FetchUserDetailUseCaseImpl.swift in Sources */,
				70C24DE52C3E39C80051FD55 /* FetchUserDetailUseCase.swift in Sources */,
				70C24DF72C3E7B9A0051FD55 /* FavoritesRepositoryInterface.swift in Sources */,
				70C24DE22C3E37ED0051FD55 /* FetchFollowersUseCase.swift in Sources */,
				70C24DF12C3E44CE0051FD55 /* UserDTO.swift in Sources */,
				70C24CE52C0434D50051FD55 /* SceneDelegate.swift in Sources */,
				70C24E072C3F8E660051FD55 /* FavoritesRepository.swift in Sources */,
			);
			runOnlyForDeploymentPostprocessing = 0;
		};
/* End PBXSourcesBuildPhase section */

/* Begin PBXVariantGroup section */
		70C24CE82C0434D50051FD55 /* Main.storyboard */ = {
			isa = PBXVariantGroup;
			children = (
				70C24CE92C0434D50051FD55 /* Base */,
			);
			name = Main.storyboard;
			sourceTree = "<group>";
		};
		70C24CED2C0434D70051FD55 /* LaunchScreen.storyboard */ = {
			isa = PBXVariantGroup;
			children = (
				70C24CEE2C0434D70051FD55 /* Base */,
			);
			name = LaunchScreen.storyboard;
			sourceTree = "<group>";
		};
/* End PBXVariantGroup section */

/* Begin XCBuildConfiguration section */
		70C24CF12C0434D70051FD55 /* Debug */ = {
			isa = XCBuildConfiguration;
			buildSettings = {
				ALWAYS_SEARCH_USER_PATHS = NO;
				ASSETCATALOG_COMPILER_GENERATE_SWIFT_ASSET_SYMBOL_EXTENSIONS = YES;
				CLANG_ANALYZER_NONNULL = YES;
				CLANG_ANALYZER_NUMBER_OBJECT_CONVERSION = YES_AGGRESSIVE;
				CLANG_CXX_LANGUAGE_STANDARD = "gnu++20";
				CLANG_ENABLE_MODULES = YES;
				CLANG_ENABLE_OBJC_ARC = YES;
				CLANG_ENABLE_OBJC_WEAK = YES;
				CLANG_WARN_BLOCK_CAPTURE_AUTORELEASING = YES;
				CLANG_WARN_BOOL_CONVERSION = YES;
				CLANG_WARN_COMMA = YES;
				CLANG_WARN_CONSTANT_CONVERSION = YES;
				CLANG_WARN_DEPRECATED_OBJC_IMPLEMENTATIONS = YES;
				CLANG_WARN_DIRECT_OBJC_ISA_USAGE = YES_ERROR;
				CLANG_WARN_DOCUMENTATION_COMMENTS = YES;
				CLANG_WARN_EMPTY_BODY = YES;
				CLANG_WARN_ENUM_CONVERSION = YES;
				CLANG_WARN_INFINITE_RECURSION = YES;
				CLANG_WARN_INT_CONVERSION = YES;
				CLANG_WARN_NON_LITERAL_NULL_CONVERSION = YES;
				CLANG_WARN_OBJC_IMPLICIT_RETAIN_SELF = YES;
				CLANG_WARN_OBJC_LITERAL_CONVERSION = YES;
				CLANG_WARN_OBJC_ROOT_CLASS = YES_ERROR;
				CLANG_WARN_QUOTED_INCLUDE_IN_FRAMEWORK_HEADER = YES;
				CLANG_WARN_RANGE_LOOP_ANALYSIS = YES;
				CLANG_WARN_STRICT_PROTOTYPES = YES;
				CLANG_WARN_SUSPICIOUS_MOVE = YES;
				CLANG_WARN_UNGUARDED_AVAILABILITY = YES_AGGRESSIVE;
				CLANG_WARN_UNREACHABLE_CODE = YES;
				CLANG_WARN__DUPLICATE_METHOD_MATCH = YES;
				COPY_PHASE_STRIP = NO;
				DEBUG_INFORMATION_FORMAT = dwarf;
				ENABLE_STRICT_OBJC_MSGSEND = YES;
				ENABLE_TESTABILITY = YES;
				ENABLE_USER_SCRIPT_SANDBOXING = YES;
				GCC_C_LANGUAGE_STANDARD = gnu17;
				GCC_DYNAMIC_NO_PIC = NO;
				GCC_NO_COMMON_BLOCKS = YES;
				GCC_OPTIMIZATION_LEVEL = 0;
				GCC_PREPROCESSOR_DEFINITIONS = (
					"DEBUG=1",
					"$(inherited)",
				);
				GCC_WARN_64_TO_32_BIT_CONVERSION = YES;
				GCC_WARN_ABOUT_RETURN_TYPE = YES_ERROR;
				GCC_WARN_UNDECLARED_SELECTOR = YES;
				GCC_WARN_UNINITIALIZED_AUTOS = YES_AGGRESSIVE;
				GCC_WARN_UNUSED_FUNCTION = YES;
				GCC_WARN_UNUSED_VARIABLE = YES;
				IPHONEOS_DEPLOYMENT_TARGET = 17.2;
				LOCALIZATION_PREFERS_STRING_CATALOGS = YES;
				MTL_ENABLE_DEBUG_INFO = INCLUDE_SOURCE;
				MTL_FAST_MATH = YES;
				ONLY_ACTIVE_ARCH = YES;
				SDKROOT = iphoneos;
				SWIFT_ACTIVE_COMPILATION_CONDITIONS = "DEBUG $(inherited)";
				SWIFT_OPTIMIZATION_LEVEL = "-Onone";
			};
			name = Debug;
		};
		70C24CF22C0434D70051FD55 /* Release */ = {
			isa = XCBuildConfiguration;
			buildSettings = {
				ALWAYS_SEARCH_USER_PATHS = NO;
				ASSETCATALOG_COMPILER_GENERATE_SWIFT_ASSET_SYMBOL_EXTENSIONS = YES;
				CLANG_ANALYZER_NONNULL = YES;
				CLANG_ANALYZER_NUMBER_OBJECT_CONVERSION = YES_AGGRESSIVE;
				CLANG_CXX_LANGUAGE_STANDARD = "gnu++20";
				CLANG_ENABLE_MODULES = YES;
				CLANG_ENABLE_OBJC_ARC = YES;
				CLANG_ENABLE_OBJC_WEAK = YES;
				CLANG_WARN_BLOCK_CAPTURE_AUTORELEASING = YES;
				CLANG_WARN_BOOL_CONVERSION = YES;
				CLANG_WARN_COMMA = YES;
				CLANG_WARN_CONSTANT_CONVERSION = YES;
				CLANG_WARN_DEPRECATED_OBJC_IMPLEMENTATIONS = YES;
				CLANG_WARN_DIRECT_OBJC_ISA_USAGE = YES_ERROR;
				CLANG_WARN_DOCUMENTATION_COMMENTS = YES;
				CLANG_WARN_EMPTY_BODY = YES;
				CLANG_WARN_ENUM_CONVERSION = YES;
				CLANG_WARN_INFINITE_RECURSION = YES;
				CLANG_WARN_INT_CONVERSION = YES;
				CLANG_WARN_NON_LITERAL_NULL_CONVERSION = YES;
				CLANG_WARN_OBJC_IMPLICIT_RETAIN_SELF = YES;
				CLANG_WARN_OBJC_LITERAL_CONVERSION = YES;
				CLANG_WARN_OBJC_ROOT_CLASS = YES_ERROR;
				CLANG_WARN_QUOTED_INCLUDE_IN_FRAMEWORK_HEADER = YES;
				CLANG_WARN_RANGE_LOOP_ANALYSIS = YES;
				CLANG_WARN_STRICT_PROTOTYPES = YES;
				CLANG_WARN_SUSPICIOUS_MOVE = YES;
				CLANG_WARN_UNGUARDED_AVAILABILITY = YES_AGGRESSIVE;
				CLANG_WARN_UNREACHABLE_CODE = YES;
				CLANG_WARN__DUPLICATE_METHOD_MATCH = YES;
				COPY_PHASE_STRIP = NO;
				DEBUG_INFORMATION_FORMAT = "dwarf-with-dsym";
				ENABLE_NS_ASSERTIONS = NO;
				ENABLE_STRICT_OBJC_MSGSEND = YES;
				ENABLE_USER_SCRIPT_SANDBOXING = YES;
				GCC_C_LANGUAGE_STANDARD = gnu17;
				GCC_NO_COMMON_BLOCKS = YES;
				GCC_WARN_64_TO_32_BIT_CONVERSION = YES;
				GCC_WARN_ABOUT_RETURN_TYPE = YES_ERROR;
				GCC_WARN_UNDECLARED_SELECTOR = YES;
				GCC_WARN_UNINITIALIZED_AUTOS = YES_AGGRESSIVE;
				GCC_WARN_UNUSED_FUNCTION = YES;
				GCC_WARN_UNUSED_VARIABLE = YES;
				IPHONEOS_DEPLOYMENT_TARGET = 17.2;
				LOCALIZATION_PREFERS_STRING_CATALOGS = YES;
				MTL_ENABLE_DEBUG_INFO = NO;
				MTL_FAST_MATH = YES;
				SDKROOT = iphoneos;
				SWIFT_COMPILATION_MODE = wholemodule;
				VALIDATE_PRODUCT = YES;
			};
			name = Release;
		};
		70C24CF42C0434D70051FD55 /* Debug */ = {
			isa = XCBuildConfiguration;
			buildSettings = {
				ASSETCATALOG_COMPILER_APPICON_NAME = AppIcon;
				ASSETCATALOG_COMPILER_GLOBAL_ACCENT_COLOR_NAME = AccentColor;
				CODE_SIGN_STYLE = Automatic;
				CURRENT_PROJECT_VERSION = 1;
				GENERATE_INFOPLIST_FILE = YES;
				INFOPLIST_FILE = GHFollowers_UIKit/Info.plist;
				INFOPLIST_KEY_UIApplicationSupportsIndirectInputEvents = YES;
				INFOPLIST_KEY_UILaunchStoryboardName = LaunchScreen;
				INFOPLIST_KEY_UIMainStoryboardFile = Main;
				INFOPLIST_KEY_UISupportedInterfaceOrientations_iPad = "UIInterfaceOrientationPortrait UIInterfaceOrientationPortraitUpsideDown UIInterfaceOrientationLandscapeLeft UIInterfaceOrientationLandscapeRight";
				INFOPLIST_KEY_UISupportedInterfaceOrientations_iPhone = "UIInterfaceOrientationPortrait UIInterfaceOrientationLandscapeLeft UIInterfaceOrientationLandscapeRight";
				IPHONEOS_DEPLOYMENT_TARGET = 13.0;
				LD_RUNPATH_SEARCH_PATHS = (
					"$(inherited)",
					"@executable_path/Frameworks",
				);
				MARKETING_VERSION = 1.0;
				PRODUCT_BUNDLE_IDENTIFIER = "win.GHFollowers-UIKit";
				PRODUCT_NAME = "$(TARGET_NAME)";
				SWIFT_EMIT_LOC_STRINGS = YES;
				SWIFT_VERSION = 5.0;
				TARGETED_DEVICE_FAMILY = "1,2";
			};
			name = Debug;
		};
		70C24CF52C0434D70051FD55 /* Release */ = {
			isa = XCBuildConfiguration;
			buildSettings = {
				ASSETCATALOG_COMPILER_APPICON_NAME = AppIcon;
				ASSETCATALOG_COMPILER_GLOBAL_ACCENT_COLOR_NAME = AccentColor;
				CODE_SIGN_STYLE = Automatic;
				CURRENT_PROJECT_VERSION = 1;
				GENERATE_INFOPLIST_FILE = YES;
				INFOPLIST_FILE = GHFollowers_UIKit/Info.plist;
				INFOPLIST_KEY_UIApplicationSupportsIndirectInputEvents = YES;
				INFOPLIST_KEY_UILaunchStoryboardName = LaunchScreen;
				INFOPLIST_KEY_UIMainStoryboardFile = Main;
				INFOPLIST_KEY_UISupportedInterfaceOrientations_iPad = "UIInterfaceOrientationPortrait UIInterfaceOrientationPortraitUpsideDown UIInterfaceOrientationLandscapeLeft UIInterfaceOrientationLandscapeRight";
				INFOPLIST_KEY_UISupportedInterfaceOrientations_iPhone = "UIInterfaceOrientationPortrait UIInterfaceOrientationLandscapeLeft UIInterfaceOrientationLandscapeRight";
				IPHONEOS_DEPLOYMENT_TARGET = 13.0;
				LD_RUNPATH_SEARCH_PATHS = (
					"$(inherited)",
					"@executable_path/Frameworks",
				);
				MARKETING_VERSION = 1.0;
				PRODUCT_BUNDLE_IDENTIFIER = "win.GHFollowers-UIKit";
				PRODUCT_NAME = "$(TARGET_NAME)";
				SWIFT_EMIT_LOC_STRINGS = YES;
				SWIFT_VERSION = 5.0;
				TARGETED_DEVICE_FAMILY = "1,2";
			};
			name = Release;
		};
/* End XCBuildConfiguration section */

/* Begin XCConfigurationList section */
		70C24CDA2C0434D50051FD55 /* Build configuration list for PBXProject "GHFollowers_UIKit" */ = {
			isa = XCConfigurationList;
			buildConfigurations = (
				70C24CF12C0434D70051FD55 /* Debug */,
				70C24CF22C0434D70051FD55 /* Release */,
			);
			defaultConfigurationIsVisible = 0;
			defaultConfigurationName = Release;
		};
		70C24CF32C0434D70051FD55 /* Build configuration list for PBXNativeTarget "GHFollowers_UIKit" */ = {
			isa = XCConfigurationList;
			buildConfigurations = (
				70C24CF42C0434D70051FD55 /* Debug */,
				70C24CF52C0434D70051FD55 /* Release */,
			);
			defaultConfigurationIsVisible = 0;
			defaultConfigurationName = Release;
		};
/* End XCConfigurationList section */
	};
	rootObject = 70C24CD72C0434D50051FD55 /* Project object */;
}
